github.com/mattn/go-sqlite3 v1.14.37 h1:3DOZp4cXis1cUIpCfXLtmlGolNLp2VEqhiB/PARNBIg=
github.com/mattn/go-sqlite3 v1.14.37/go.mod h1:Uh1q+B4BYcTPb+yiD3kU8Ct7aC0hY9fxUwlHK0RXw+Y=
github.com/webui-dev/go-webui/v2 v2.5.2-0.20260324140909-b79ce073202b h1:1fIdWWHNAys0k+E4fmRk9zUgiUq2nsWGijj6Io5RP9A=
github.com/webui-dev/go-webui/v2 v2.5.2-0.20260324140909-b79ce073202b/go.mod h1:wAuoPsuZW60krM633fOFAQFtnRgzFD1dGDRHQd6lfPY=
